<?xml version="1.0" encoding="utf-8"?>
<Project ToolsVersion="4.0" xmlns="http://schemas.microsoft.com/developer/msbuild/2003">
  <ItemGroup>
    <Filter Include="Source Files">
      <UniqueIdentifier>{4FC737F1-C7A5-4376-A066-2A32D752A2FF}</UniqueIdentifier>
      <Extensions>cpp;c;cc;cxx;c++;cppm;ixx;def;odl;idl;hpj;bat;asm;asmx</Extensions>
    </Filter>
    <Filter Include="Header Files">
      <UniqueIdentifier>{93995380-89BD-4b04-88EB-625FBE52EBFB}</UniqueIdentifier>
      <Extensions>h;hh;hpp;hxx;h++;hm;inl;inc;ipp;xsd</Extensions>
    </Filter>
    <Filter Include="Resource Files">
      <UniqueIdentifier>{67DA6AB6-F800-4c08-8B7A-83BB121AAD01}</UniqueIdentifier>
      <Extensions>rc;ico;cur;bmp;dlg;rc2;rct;bin;rgs;gif;jpg;jpeg;jpe;resx;tiff;tif;png;wav;mfcribbon-ms</Extensions>
    </Filter>
    <Filter Include="Source Files\lib">
      <UniqueIdentifier>{1b2d3b1d-59e4-422d-8ca2-51d4c01e0691}</UniqueIdentifier>
    </Filter>
    <Filter Include="Header Files\include">
      <UniqueIdentifier>{f933811d-bea1-410d-a05a-4648d173a136}</UniqueIdentifier>
    </Filter>
    <Filter Include="tinycc">
      <UniqueIdentifier>{be2c4cc8-6f6f-42c7-8ee9-442d889bc3b3}</UniqueIdentifier>
    </Filter>
    <Filter Include="Header Files\encapsulation">
      <UniqueIdentifier>{cda11614-cb87-40f6-9f40-adf68a7a793b}</UniqueIdentifier>
    </Filter>
  </ItemGroup>
  <ItemGroup>
    <ClInclude Include="elf.h">
      <Filter>Header Files</Filter>
    </ClInclude>
    <ClInclude Include="libtcc.h">
      <Filter>Header Files</Filter>
    </ClInclude>
    <ClInclude Include="stab.h">
      <Filter>Header Files</Filter>
    </ClInclude>
    <ClInclude Include="tcc.h">
      <Filter>Header Files</Filter>
    </ClInclude>
    <ClInclude Include="tcctok.h">
      <Filter>Header Files</Filter>
    </ClInclude>
    <ClInclude Include="include\tcclib.h">
      <Filter>Header Files\include</Filter>
    </ClInclude>
    <ClInclude Include="tinycc\i386-tok.h">
      <Filter>tinycc</Filter>
    </ClInclude>
    <ClInclude Include="tinycc\i386-asm.h">
      <Filter>tinycc</Filter>
    </ClInclude>
    <ClInclude Include="816-gen.h">
      <Filter>Header Files\encapsulation</Filter>
    </ClInclude>
  </ItemGroup>
  <ItemGroup>
    <ClCompile Include="816-gen.c">
      <Filter>Source Files</Filter>
    </ClCompile>
    <ClCompile Include="libtcc.c">
      <Filter>Source Files</Filter>
    </ClCompile>
    <ClCompile Include="tcc.c">
      <Filter>Source Files</Filter>
    </ClCompile>
    <ClCompile Include="tccasm.c">
      <Filter>Source Files</Filter>
    </ClCompile>
    <ClCompile Include="tccelf.c">
      <Filter>Source Files</Filter>
    </ClCompile>
    <ClCompile Include="tccgen.c">
      <Filter>Source Files</Filter>
    </ClCompile>
    <ClCompile Include="tccpp.c">
      <Filter>Source Files</Filter>
    </ClCompile>
    <ClCompile Include="tccrun.c">
      <Filter>Source Files</Filter>
    </ClCompile>
    <ClCompile Include="lib\bcheck.c">
      <Filter>Source Files\lib</Filter>
    </ClCompile>
    <ClCompile Include="lib\libtcc1.c">
      <Filter>Source Files\lib</Filter>
    </ClCompile>
  </ItemGroup>
</Project>