
Microsoft Visual Studio Solution File, Format Version 12.00
# Visual Studio Version 17
VisualStudioVersion = 17.3.32811.315
MinimumVisualStudioVersion = 10.0.40219.1
Project("{9A19103F-16F7-4668-BE54-9A1E7A4F7556}") = "Melchior", "Melchior\Melchior.csproj", "{EBFA8512-1EA5-4D8C-B4AC-AB5B48A6D568}"
EndProject
Project("{9A19103F-16F7-4668-BE54-9A1E7A4F7556}") = "Melchior.Desktop", "Melchior.Desktop\Melchior.Desktop.csproj", "{ABC31E74-02FF-46EB-B3B2-4E6AE43B456C}"
EndProject
Project("{2150E333-8FDC-42A3-9474-1A3956D46DE8}") = "Solution Items", "Solution Items", "{3DA99C4E-89E3-4049-9C22-0A7EC60D83D8}"
	ProjectSection(SolutionItems) = preProject
		Directory.Packages.props = Directory.Packages.props
	EndProjectSection
EndProject
Project("{2150E333-8FDC-42A3-9474-1A3956D46DE8}") = "pvsneslib", "pvsneslib", "{02EA681E-C7D8-13C7-8484-4AC65E1B71E8}"
EndProject
Project("{8BC9CEB8-8B4A-11D0-8D11-00A0C91BC942}") = "816-opt", "816-opt\816-opt.vcxproj", "{A1D7D766-5C37-40DF-94D6-A0A708FCA053}"
EndProject
Project("{2150E333-8FDC-42A3-9474-1A3956D46DE8}") = "tools", "tools", "{EB07BF2A-AFFF-4826-9EE9-39ED3A7136E0}"
EndProject
Project("{8BC9CEB8-8B4A-11D0-8D11-00A0C91BC942}") = "bin2txt", "bin2txt\bin2txt.vcxproj", "{E5647D67-9C86-47DE-B856-D9A8186570B0}"
EndProject
Project("{8BC9CEB8-8B4A-11D0-8D11-00A0C91BC942}") = "constify", "constify\constify.vcxproj", "{F65B8FA3-E06C-4E64-A3D8-A42D23AE73FC}"
EndProject
Project("{8BC9CEB8-8B4A-11D0-8D11-00A0C91BC942}") = "gfx2snes", "gfx2snes\gfx2snes.vcxproj", "{34BB9BBE-0AFC-466D-85A9-549BE2BDA04D}"
EndProject
Project("{8BC9CEB8-8B4A-11D0-8D11-00A0C91BC942}") = "gfx4snes", "gfx4snes\gfx4snes.vcxproj", "{A674E873-C5DD-49A4-9A18-6D532E89B5F9}"
EndProject
Project("{8BC9CEB8-8B4A-11D0-8D11-00A0C91BC942}") = "smconv", "smconv\smconv.vcxproj", "{FD0FC80A-7EE5-41A7-BB8C-238246CA70EE}"
EndProject
Project("{8BC9CEB8-8B4A-11D0-8D11-00A0C91BC942}") = "snesbrr", "snesbrr\snesbrr.vcxproj", "{C89C5814-3644-4905-B601-0971BD7EE9F5}"
EndProject
Project("{8BC9CEB8-8B4A-11D0-8D11-00A0C91BC942}") = "snestools", "snestools\snestools.vcxproj", "{942284C7-1602-4B39-9265-30775D2AFCE9}"
EndProject
Project("{8BC9CEB8-8B4A-11D0-8D11-00A0C91BC942}") = "tmx2snes", "tmx2snes\tmx2snes.vcxproj", "{59668562-272E-4DD8-A45C-CB3E865A0CB9}"
EndProject
Project("{2150E333-8FDC-42A3-9474-1A3956D46DE8}") = "external-lib", "external-lib", "{29CA55C2-FAE2-404B-AC9C-2736B290FC94}"
EndProject
Project("{8BC9CEB8-8B4A-11D0-8D11-00A0C91BC942}") = "libregex", "libregex\libregex.vcxproj", "{65C0D622-BD09-4AB8-8A79-C45DF7C5800A}"
EndProject
Project("{FAE04EC0-301F-11D3-BF4B-00C04F79EFBC}") = "tiledpalettequant", "tiledpalettequant\tiledpalettequant.csproj", "{74A1EBAB-4ABF-922E-4723-4C37D7BC8A75}"
EndProject
Project("{FAE04EC0-301F-11D3-BF4B-00C04F79EFBC}") = "tiledpalettequant.Desktop", "tiledpalettequant.Desktop\tiledpalettequant.Desktop.csproj", "{50E56940-2F42-3B05-83A3-E80799CBB57D}"
EndProject
Project("{FAE04EC0-301F-11D3-BF4B-00C04F79EFBC}") = "tilesetextractor", "tilesetextractor\tilesetextractor.csproj", "{956A1A9F-78DA-2892-08AD-00376720460C}"
EndProject
Project("{FAE04EC0-301F-11D3-BF4B-00C04F79EFBC}") = "tilesetextractor.Desktop", "tilesetextractor.Desktop\tilesetextractor.Desktop.csproj", "{3FD488CE-693F-30E2-B237-1407B6AB5F48}"
EndProject
Project("{FAE04EC0-301F-11D3-BF4B-00C04F79EFBC}") = "Melchior.Utilities", "Melchior.Utilities\Melchior.Utilities.csproj", "{4DD90D32-CBAE-55C5-7787-DF36B96CC134}"
EndProject
Project("{2150E333-8FDC-42A3-9474-1A3956D46DE8}") = "devkitsnes", "devkitsnes", "{2673A978-7335-40A9-A000-9408543F764E}"
EndProject
Project("{8BC9CEB8-8B4A-11D0-8D11-00A0C91BC942}") = "wla-65816", "..\..\wla-dx\windows\WLA-65816\WLA-65816.vcxproj", "{7C075FD3-390E-466C-AAC1-B8D8B5F74A51}"
EndProject
Project("{8BC9CEB8-8B4A-11D0-8D11-00A0C91BC942}") = "GEN-TABLES-65816", "..\..\wla-dx\windows\GEN-TABLES-65816\GEN-TABLES-65816.vcxproj", "{B932E477-1D1F-4D76-9968-4EBBD74F0CBA}"
EndProject
Project("{8BC9CEB8-8B4A-11D0-8D11-00A0C91BC942}") = "wlalink", "..\..\wla-dx\windows\WLALINK\WLALINK.vcxproj", "{BB7C84A2-C7D2-48D4-BDD1-76E1CA82401D}"
EndProject
Project("{8BC9CEB8-8B4A-11D0-8D11-00A0C91BC942}") = "wla-spc700", "..\..\wla-dx\windows\WLA-SPC700\WLA-SPC700.vcxproj", "{9AAC43FF-FEB5-40AE-823E-110DCAA77DB5}"
EndProject
Project("{8BC9CEB8-8B4A-11D0-8D11-00A0C91BC942}") = "GEN-TABLES-SPC700", "..\..\wla-dx\windows\GEN-TABLES-SPC700\GEN-TABLES-SPC700.vcxproj", "{51D24FD7-9770-4B61-B0A8-853B340CE6D2}"
EndProject
Project("{8BC9CEB8-8B4A-11D0-8D11-00A0C91BC942}") = "816-tcc", "816-tcc\816-tcc.vcxproj", "{210DF2AC-7700-4EC6-93B5-F5CBEBCFE23F}"
EndProject
Global
	GlobalSection(SolutionConfigurationPlatforms) = preSolution
		Debug|Any CPU = Debug|Any CPU
		Debug|x64 = Debug|x64
		Debug|x86 = Debug|x86
		Release|Any CPU = Release|Any CPU
		Release|x64 = Release|x64
		Release|x86 = Release|x86
	EndGlobalSection
	GlobalSection(ProjectConfigurationPlatforms) = postSolution
		{EBFA8512-1EA5-4D8C-B4AC-AB5B48A6D568}.Debug|Any CPU.ActiveCfg = Debug|Any CPU
		{EBFA8512-1EA5-4D8C-B4AC-AB5B48A6D568}.Debug|Any CPU.Build.0 = Debug|Any CPU
		{EBFA8512-1EA5-4D8C-B4AC-AB5B48A6D568}.Debug|x64.ActiveCfg = Debug|Any CPU
		{EBFA8512-1EA5-4D8C-B4AC-AB5B48A6D568}.Debug|x64.Build.0 = Debug|Any CPU
		{EBFA8512-1EA5-4D8C-B4AC-AB5B48A6D568}.Debug|x86.ActiveCfg = Debug|Any CPU
		{EBFA8512-1EA5-4D8C-B4AC-AB5B48A6D568}.Debug|x86.Build.0 = Debug|Any CPU
		{EBFA8512-1EA5-4D8C-B4AC-AB5B48A6D568}.Release|Any CPU.ActiveCfg = Release|Any CPU
		{EBFA8512-1EA5-4D8C-B4AC-AB5B48A6D568}.Release|Any CPU.Build.0 = Release|Any CPU
		{EBFA8512-1EA5-4D8C-B4AC-AB5B48A6D568}.Release|x64.ActiveCfg = Release|Any CPU
		{EBFA8512-1EA5-4D8C-B4AC-AB5B48A6D568}.Release|x64.Build.0 = Release|Any CPU
		{EBFA8512-1EA5-4D8C-B4AC-AB5B48A6D568}.Release|x86.ActiveCfg = Release|Any CPU
		{EBFA8512-1EA5-4D8C-B4AC-AB5B48A6D568}.Release|x86.Build.0 = Release|Any CPU
		{ABC31E74-02FF-46EB-B3B2-4E6AE43B456C}.Debug|Any CPU.ActiveCfg = Debug|Any CPU
		{ABC31E74-02FF-46EB-B3B2-4E6AE43B456C}.Debug|Any CPU.Build.0 = Debug|Any CPU
		{ABC31E74-02FF-46EB-B3B2-4E6AE43B456C}.Debug|x64.ActiveCfg = Debug|Any CPU
		{ABC31E74-02FF-46EB-B3B2-4E6AE43B456C}.Debug|x64.Build.0 = Debug|Any CPU
		{ABC31E74-02FF-46EB-B3B2-4E6AE43B456C}.Debug|x86.ActiveCfg = Debug|Any CPU
		{ABC31E74-02FF-46EB-B3B2-4E6AE43B456C}.Debug|x86.Build.0 = Debug|Any CPU
		{ABC31E74-02FF-46EB-B3B2-4E6AE43B456C}.Release|Any CPU.ActiveCfg = Release|Any CPU
		{ABC31E74-02FF-46EB-B3B2-4E6AE43B456C}.Release|Any CPU.Build.0 = Release|Any CPU
		{ABC31E74-02FF-46EB-B3B2-4E6AE43B456C}.Release|x64.ActiveCfg = Release|Any CPU
		{ABC31E74-02FF-46EB-B3B2-4E6AE43B456C}.Release|x64.Build.0 = Release|Any CPU
		{ABC31E74-02FF-46EB-B3B2-4E6AE43B456C}.Release|x86.ActiveCfg = Release|Any CPU
		{ABC31E74-02FF-46EB-B3B2-4E6AE43B456C}.Release|x86.Build.0 = Release|Any CPU
		{A1D7D766-5C37-40DF-94D6-A0A708FCA053}.Debug|Any CPU.ActiveCfg = Debug|x64
		{A1D7D766-5C37-40DF-94D6-A0A708FCA053}.Debug|Any CPU.Build.0 = Debug|x64
		{A1D7D766-5C37-40DF-94D6-A0A708FCA053}.Debug|x64.ActiveCfg = Debug|x64
		{A1D7D766-5C37-40DF-94D6-A0A708FCA053}.Debug|x64.Build.0 = Debug|x64
		{A1D7D766-5C37-40DF-94D6-A0A708FCA053}.Debug|x86.ActiveCfg = Debug|Win32
		{A1D7D766-5C37-40DF-94D6-A0A708FCA053}.Debug|x86.Build.0 = Debug|Win32
		{A1D7D766-5C37-40DF-94D6-A0A708FCA053}.Release|Any CPU.ActiveCfg = Release|x64
		{A1D7D766-5C37-40DF-94D6-A0A708FCA053}.Release|Any CPU.Build.0 = Release|x64
		{A1D7D766-5C37-40DF-94D6-A0A708FCA053}.Release|x64.ActiveCfg = Release|x64
		{A1D7D766-5C37-40DF-94D6-A0A708FCA053}.Release|x64.Build.0 = Release|x64
		{A1D7D766-5C37-40DF-94D6-A0A708FCA053}.Release|x86.ActiveCfg = Release|Win32
		{A1D7D766-5C37-40DF-94D6-A0A708FCA053}.Release|x86.Build.0 = Release|Win32
		{E5647D67-9C86-47DE-B856-D9A8186570B0}.Debug|Any CPU.ActiveCfg = Debug|x64
		{E5647D67-9C86-47DE-B856-D9A8186570B0}.Debug|Any CPU.Build.0 = Debug|x64
		{E5647D67-9C86-47DE-B856-D9A8186570B0}.Debug|x64.ActiveCfg = Debug|x64
		{E5647D67-9C86-47DE-B856-D9A8186570B0}.Debug|x64.Build.0 = Debug|x64
		{E5647D67-9C86-47DE-B856-D9A8186570B0}.Debug|x86.ActiveCfg = Debug|Win32
		{E5647D67-9C86-47DE-B856-D9A8186570B0}.Debug|x86.Build.0 = Debug|Win32
		{E5647D67-9C86-47DE-B856-D9A8186570B0}.Release|Any CPU.ActiveCfg = Release|x64
		{E5647D67-9C86-47DE-B856-D9A8186570B0}.Release|Any CPU.Build.0 = Release|x64
		{E5647D67-9C86-47DE-B856-D9A8186570B0}.Release|x64.ActiveCfg = Release|x64
		{E5647D67-9C86-47DE-B856-D9A8186570B0}.Release|x64.Build.0 = Release|x64
		{E5647D67-9C86-47DE-B856-D9A8186570B0}.Release|x86.ActiveCfg = Release|Win32
		{E5647D67-9C86-47DE-B856-D9A8186570B0}.Release|x86.Build.0 = Release|Win32
		{F65B8FA3-E06C-4E64-A3D8-A42D23AE73FC}.Debug|Any CPU.ActiveCfg = Debug|x64
		{F65B8FA3-E06C-4E64-A3D8-A42D23AE73FC}.Debug|Any CPU.Build.0 = Debug|x64
		{F65B8FA3-E06C-4E64-A3D8-A42D23AE73FC}.Debug|x64.ActiveCfg = Debug|x64
		{F65B8FA3-E06C-4E64-A3D8-A42D23AE73FC}.Debug|x64.Build.0 = Debug|x64
		{F65B8FA3-E06C-4E64-A3D8-A42D23AE73FC}.Debug|x86.ActiveCfg = Debug|Win32
		{F65B8FA3-E06C-4E64-A3D8-A42D23AE73FC}.Debug|x86.Build.0 = Debug|Win32
		{F65B8FA3-E06C-4E64-A3D8-A42D23AE73FC}.Release|Any CPU.ActiveCfg = Release|x64
		{F65B8FA3-E06C-4E64-A3D8-A42D23AE73FC}.Release|Any CPU.Build.0 = Release|x64
		{F65B8FA3-E06C-4E64-A3D8-A42D23AE73FC}.Release|x64.ActiveCfg = Release|x64
		{F65B8FA3-E06C-4E64-A3D8-A42D23AE73FC}.Release|x64.Build.0 = Release|x64
		{F65B8FA3-E06C-4E64-A3D8-A42D23AE73FC}.Release|x86.ActiveCfg = Release|Win32
		{F65B8FA3-E06C-4E64-A3D8-A42D23AE73FC}.Release|x86.Build.0 = Release|Win32
		{34BB9BBE-0AFC-466D-85A9-549BE2BDA04D}.Debug|Any CPU.ActiveCfg = Debug|x64
		{34BB9BBE-0AFC-466D-85A9-549BE2BDA04D}.Debug|Any CPU.Build.0 = Debug|x64
		{34BB9BBE-0AFC-466D-85A9-549BE2BDA04D}.Debug|x64.ActiveCfg = Debug|x64
		{34BB9BBE-0AFC-466D-85A9-549BE2BDA04D}.Debug|x64.Build.0 = Debug|x64
		{34BB9BBE-0AFC-466D-85A9-549BE2BDA04D}.Debug|x86.ActiveCfg = Debug|Win32
		{34BB9BBE-0AFC-466D-85A9-549BE2BDA04D}.Debug|x86.Build.0 = Debug|Win32
		{34BB9BBE-0AFC-466D-85A9-549BE2BDA04D}.Release|Any CPU.ActiveCfg = Release|x64
		{34BB9BBE-0AFC-466D-85A9-549BE2BDA04D}.Release|Any CPU.Build.0 = Release|x64
		{34BB9BBE-0AFC-466D-85A9-549BE2BDA04D}.Release|x64.ActiveCfg = Release|x64
		{34BB9BBE-0AFC-466D-85A9-549BE2BDA04D}.Release|x64.Build.0 = Release|x64
		{34BB9BBE-0AFC-466D-85A9-549BE2BDA04D}.Release|x86.ActiveCfg = Release|Win32
		{34BB9BBE-0AFC-466D-85A9-549BE2BDA04D}.Release|x86.Build.0 = Release|Win32
		{A674E873-C5DD-49A4-9A18-6D532E89B5F9}.Debug|Any CPU.ActiveCfg = Debug|x64
		{A674E873-C5DD-49A4-9A18-6D532E89B5F9}.Debug|Any CPU.Build.0 = Debug|x64
		{A674E873-C5DD-49A4-9A18-6D532E89B5F9}.Debug|x64.ActiveCfg = Debug|x64
		{A674E873-C5DD-49A4-9A18-6D532E89B5F9}.Debug|x64.Build.0 = Debug|x64
		{A674E873-C5DD-49A4-9A18-6D532E89B5F9}.Debug|x86.ActiveCfg = Debug|Win32
		{A674E873-C5DD-49A4-9A18-6D532E89B5F9}.Debug|x86.Build.0 = Debug|Win32
		{A674E873-C5DD-49A4-9A18-6D532E89B5F9}.Release|Any CPU.ActiveCfg = Release|x64
		{A674E873-C5DD-49A4-9A18-6D532E89B5F9}.Release|Any CPU.Build.0 = Release|x64
		{A674E873-C5DD-49A4-9A18-6D532E89B5F9}.Release|x64.ActiveCfg = Release|x64
		{A674E873-C5DD-49A4-9A18-6D532E89B5F9}.Release|x64.Build.0 = Release|x64
		{A674E873-C5DD-49A4-9A18-6D532E89B5F9}.Release|x86.ActiveCfg = Release|Win32
		{A674E873-C5DD-49A4-9A18-6D532E89B5F9}.Release|x86.Build.0 = Release|Win32
		{FD0FC80A-7EE5-41A7-BB8C-238246CA70EE}.Debug|Any CPU.ActiveCfg = Debug|x64
		{FD0FC80A-7EE5-41A7-BB8C-238246CA70EE}.Debug|Any CPU.Build.0 = Debug|x64
		{FD0FC80A-7EE5-41A7-BB8C-238246CA70EE}.Debug|x64.ActiveCfg = Debug|x64
		{FD0FC80A-7EE5-41A7-BB8C-238246CA70EE}.Debug|x64.Build.0 = Debug|x64
		{FD0FC80A-7EE5-41A7-BB8C-238246CA70EE}.Debug|x86.ActiveCfg = Debug|Win32
		{FD0FC80A-7EE5-41A7-BB8C-238246CA70EE}.Debug|x86.Build.0 = Debug|Win32
		{FD0FC80A-7EE5-41A7-BB8C-238246CA70EE}.Release|Any CPU.ActiveCfg = Release|x64
		{FD0FC80A-7EE5-41A7-BB8C-238246CA70EE}.Release|Any CPU.Build.0 = Release|x64
		{FD0FC80A-7EE5-41A7-BB8C-238246CA70EE}.Release|x64.ActiveCfg = Release|x64
		{FD0FC80A-7EE5-41A7-BB8C-238246CA70EE}.Release|x64.Build.0 = Release|x64
		{FD0FC80A-7EE5-41A7-BB8C-238246CA70EE}.Release|x86.ActiveCfg = Release|Win32
		{FD0FC80A-7EE5-41A7-BB8C-238246CA70EE}.Release|x86.Build.0 = Release|Win32
		{C89C5814-3644-4905-B601-0971BD7EE9F5}.Debug|Any CPU.ActiveCfg = Debug|x64
		{C89C5814-3644-4905-B601-0971BD7EE9F5}.Debug|Any CPU.Build.0 = Debug|x64
		{C89C5814-3644-4905-B601-0971BD7EE9F5}.Debug|x64.ActiveCfg = Debug|x64
		{C89C5814-3644-4905-B601-0971BD7EE9F5}.Debug|x64.Build.0 = Debug|x64
		{C89C5814-3644-4905-B601-0971BD7EE9F5}.Debug|x86.ActiveCfg = Debug|Win32
		{C89C5814-3644-4905-B601-0971BD7EE9F5}.Debug|x86.Build.0 = Debug|Win32
		{C89C5814-3644-4905-B601-0971BD7EE9F5}.Release|Any CPU.ActiveCfg = Release|x64
		{C89C5814-3644-4905-B601-0971BD7EE9F5}.Release|Any CPU.Build.0 = Release|x64
		{C89C5814-3644-4905-B601-0971BD7EE9F5}.Release|x64.ActiveCfg = Release|x64
		{C89C5814-3644-4905-B601-0971BD7EE9F5}.Release|x64.Build.0 = Release|x64
		{C89C5814-3644-4905-B601-0971BD7EE9F5}.Release|x86.ActiveCfg = Release|Win32
		{C89C5814-3644-4905-B601-0971BD7EE9F5}.Release|x86.Build.0 = Release|Win32
		{942284C7-1602-4B39-9265-30775D2AFCE9}.Debug|Any CPU.ActiveCfg = Debug|x64
		{942284C7-1602-4B39-9265-30775D2AFCE9}.Debug|Any CPU.Build.0 = Debug|x64
		{942284C7-1602-4B39-9265-30775D2AFCE9}.Debug|x64.ActiveCfg = Debug|x64
		{942284C7-1602-4B39-9265-30775D2AFCE9}.Debug|x64.Build.0 = Debug|x64
		{942284C7-1602-4B39-9265-30775D2AFCE9}.Debug|x86.ActiveCfg = Debug|Win32
		{942284C7-1602-4B39-9265-30775D2AFCE9}.Debug|x86.Build.0 = Debug|Win32
		{942284C7-1602-4B39-9265-30775D2AFCE9}.Release|Any CPU.ActiveCfg = Release|x64
		{942284C7-1602-4B39-9265-30775D2AFCE9}.Release|Any CPU.Build.0 = Release|x64
		{942284C7-1602-4B39-9265-30775D2AFCE9}.Release|x64.ActiveCfg = Release|x64
		{942284C7-1602-4B39-9265-30775D2AFCE9}.Release|x64.Build.0 = Release|x64
		{942284C7-1602-4B39-9265-30775D2AFCE9}.Release|x86.ActiveCfg = Release|Win32
		{942284C7-1602-4B39-9265-30775D2AFCE9}.Release|x86.Build.0 = Release|Win32
		{59668562-272E-4DD8-A45C-CB3E865A0CB9}.Debug|Any CPU.ActiveCfg = Debug|x64
		{59668562-272E-4DD8-A45C-CB3E865A0CB9}.Debug|Any CPU.Build.0 = Debug|x64
		{59668562-272E-4DD8-A45C-CB3E865A0CB9}.Debug|x64.ActiveCfg = Debug|x64
		{59668562-272E-4DD8-A45C-CB3E865A0CB9}.Debug|x64.Build.0 = Debug|x64
		{59668562-272E-4DD8-A45C-CB3E865A0CB9}.Debug|x86.ActiveCfg = Debug|Win32
		{59668562-272E-4DD8-A45C-CB3E865A0CB9}.Debug|x86.Build.0 = Debug|Win32
		{59668562-272E-4DD8-A45C-CB3E865A0CB9}.Release|Any CPU.ActiveCfg = Release|x64
		{59668562-272E-4DD8-A45C-CB3E865A0CB9}.Release|Any CPU.Build.0 = Release|x64
		{59668562-272E-4DD8-A45C-CB3E865A0CB9}.Release|x64.ActiveCfg = Release|x64
		{59668562-272E-4DD8-A45C-CB3E865A0CB9}.Release|x64.Build.0 = Release|x64
		{59668562-272E-4DD8-A45C-CB3E865A0CB9}.Release|x86.ActiveCfg = Release|Win32
		{59668562-272E-4DD8-A45C-CB3E865A0CB9}.Release|x86.Build.0 = Release|Win32
		{65C0D622-BD09-4AB8-8A79-C45DF7C5800A}.Debug|Any CPU.ActiveCfg = Debug|x64
		{65C0D622-BD09-4AB8-8A79-C45DF7C5800A}.Debug|Any CPU.Build.0 = Debug|x64
		{65C0D622-BD09-4AB8-8A79-C45DF7C5800A}.Debug|x64.ActiveCfg = Debug|x64
		{65C0D622-BD09-4AB8-8A79-C45DF7C5800A}.Debug|x64.Build.0 = Debug|x64
		{65C0D622-BD09-4AB8-8A79-C45DF7C5800A}.Debug|x86.ActiveCfg = Debug|Win32
		{65C0D622-BD09-4AB8-8A79-C45DF7C5800A}.Debug|x86.Build.0 = Debug|Win32
		{65C0D622-BD09-4AB8-8A79-C45DF7C5800A}.Release|Any CPU.ActiveCfg = Release|x64
		{65C0D622-BD09-4AB8-8A79-C45DF7C5800A}.Release|Any CPU.Build.0 = Release|x64
		{65C0D622-BD09-4AB8-8A79-C45DF7C5800A}.Release|x64.ActiveCfg = Release|x64
		{65C0D622-BD09-4AB8-8A79-C45DF7C5800A}.Release|x64.Build.0 = Release|x64
		{65C0D622-BD09-4AB8-8A79-C45DF7C5800A}.Release|x86.ActiveCfg = Release|Win32
		{65C0D622-BD09-4AB8-8A79-C45DF7C5800A}.Release|x86.Build.0 = Release|Win32
		{74A1EBAB-4ABF-922E-4723-4C37D7BC8A75}.Debug|Any CPU.ActiveCfg = Debug|Any CPU
		{74A1EBAB-4ABF-922E-4723-4C37D7BC8A75}.Debug|Any CPU.Build.0 = Debug|Any CPU
		{74A1EBAB-4ABF-922E-4723-4C37D7BC8A75}.Debug|x64.ActiveCfg = Debug|Any CPU
		{74A1EBAB-4ABF-922E-4723-4C37D7BC8A75}.Debug|x64.Build.0 = Debug|Any CPU
		{74A1EBAB-4ABF-922E-4723-4C37D7BC8A75}.Debug|x86.ActiveCfg = Debug|Any CPU
		{74A1EBAB-4ABF-922E-4723-4C37D7BC8A75}.Debug|x86.Build.0 = Debug|Any CPU
		{74A1EBAB-4ABF-922E-4723-4C37D7BC8A75}.Release|Any CPU.ActiveCfg = Release|Any CPU
		{74A1EBAB-4ABF-922E-4723-4C37D7BC8A75}.Release|Any CPU.Build.0 = Release|Any CPU
		{74A1EBAB-4ABF-922E-4723-4C37D7BC8A75}.Release|x64.ActiveCfg = Release|Any CPU
		{74A1EBAB-4ABF-922E-4723-4C37D7BC8A75}.Release|x64.Build.0 = Release|Any CPU
		{74A1EBAB-4ABF-922E-4723-4C37D7BC8A75}.Release|x86.ActiveCfg = Release|Any CPU
		{74A1EBAB-4ABF-922E-4723-4C37D7BC8A75}.Release|x86.Build.0 = Release|Any CPU
		{50E56940-2F42-3B05-83A3-E80799CBB57D}.Debug|Any CPU.ActiveCfg = Debug|Any CPU
		{50E56940-2F42-3B05-83A3-E80799CBB57D}.Debug|Any CPU.Build.0 = Debug|Any CPU
		{50E56940-2F42-3B05-83A3-E80799CBB57D}.Debug|x64.ActiveCfg = Debug|Any CPU
		{50E56940-2F42-3B05-83A3-E80799CBB57D}.Debug|x64.Build.0 = Debug|Any CPU
		{50E56940-2F42-3B05-83A3-E80799CBB57D}.Debug|x86.ActiveCfg = Debug|Any CPU
		{50E56940-2F42-3B05-83A3-E80799CBB57D}.Debug|x86.Build.0 = Debug|Any CPU
		{50E56940-2F42-3B05-83A3-E80799CBB57D}.Release|Any CPU.ActiveCfg = Release|Any CPU
		{50E56940-2F42-3B05-83A3-E80799CBB57D}.Release|Any CPU.Build.0 = Release|Any CPU
		{50E56940-2F42-3B05-83A3-E80799CBB57D}.Release|x64.ActiveCfg = Release|Any CPU
		{50E56940-2F42-3B05-83A3-E80799CBB57D}.Release|x64.Build.0 = Release|Any CPU
		{50E56940-2F42-3B05-83A3-E80799CBB57D}.Release|x86.ActiveCfg = Release|Any CPU
		{50E56940-2F42-3B05-83A3-E80799CBB57D}.Release|x86.Build.0 = Release|Any CPU
		{956A1A9F-78DA-2892-08AD-00376720460C}.Debug|Any CPU.ActiveCfg = Debug|Any CPU
		{956A1A9F-78DA-2892-08AD-00376720460C}.Debug|Any CPU.Build.0 = Debug|Any CPU
		{956A1A9F-78DA-2892-08AD-00376720460C}.Debug|x64.ActiveCfg = Debug|Any CPU
		{956A1A9F-78DA-2892-08AD-00376720460C}.Debug|x64.Build.0 = Debug|Any CPU
		{956A1A9F-78DA-2892-08AD-00376720460C}.Debug|x86.ActiveCfg = Debug|Any CPU
		{956A1A9F-78DA-2892-08AD-00376720460C}.Debug|x86.Build.0 = Debug|Any CPU
		{956A1A9F-78DA-2892-08AD-00376720460C}.Release|Any CPU.ActiveCfg = Release|Any CPU
		{956A1A9F-78DA-2892-08AD-00376720460C}.Release|Any CPU.Build.0 = Release|Any CPU
		{956A1A9F-78DA-2892-08AD-00376720460C}.Release|x64.ActiveCfg = Release|Any CPU
		{956A1A9F-78DA-2892-08AD-00376720460C}.Release|x64.Build.0 = Release|Any CPU
		{956A1A9F-78DA-2892-08AD-00376720460C}.Release|x86.ActiveCfg = Release|Any CPU
		{956A1A9F-78DA-2892-08AD-00376720460C}.Release|x86.Build.0 = Release|Any CPU
		{3FD488CE-693F-30E2-B237-1407B6AB5F48}.Debug|Any CPU.ActiveCfg = Debug|Any CPU
		{3FD488CE-693F-30E2-B237-1407B6AB5F48}.Debug|Any CPU.Build.0 = Debug|Any CPU
		{3FD488CE-693F-30E2-B237-1407B6AB5F48}.Debug|x64.ActiveCfg = Debug|Any CPU
		{3FD488CE-693F-30E2-B237-1407B6AB5F48}.Debug|x64.Build.0 = Debug|Any CPU
		{3FD488CE-693F-30E2-B237-1407B6AB5F48}.Debug|x86.ActiveCfg = Debug|Any CPU
		{3FD488CE-693F-30E2-B237-1407B6AB5F48}.Debug|x86.Build.0 = Debug|Any CPU
		{3FD488CE-693F-30E2-B237-1407B6AB5F48}.Release|Any CPU.ActiveCfg = Release|Any CPU
		{3FD488CE-693F-30E2-B237-1407B6AB5F48}.Release|Any CPU.Build.0 = Release|Any CPU
		{3FD488CE-693F-30E2-B237-1407B6AB5F48}.Release|x64.ActiveCfg = Release|Any CPU
		{3FD488CE-693F-30E2-B237-1407B6AB5F48}.Release|x64.Build.0 = Release|Any CPU
		{3FD488CE-693F-30E2-B237-1407B6AB5F48}.Release|x86.ActiveCfg = Release|Any CPU
		{3FD488CE-693F-30E2-B237-1407B6AB5F48}.Release|x86.Build.0 = Release|Any CPU
		{4DD90D32-CBAE-55C5-7787-DF36B96CC134}.Debug|Any CPU.ActiveCfg = Debug|Any CPU
		{4DD90D32-CBAE-55C5-7787-DF36B96CC134}.Debug|Any CPU.Build.0 = Debug|Any CPU
		{4DD90D32-CBAE-55C5-7787-DF36B96CC134}.Debug|x64.ActiveCfg = Debug|Any CPU
		{4DD90D32-CBAE-55C5-7787-DF36B96CC134}.Debug|x64.Build.0 = Debug|Any CPU
		{4DD90D32-CBAE-55C5-7787-DF36B96CC134}.Debug|x86.ActiveCfg = Debug|Any CPU
		{4DD90D32-CBAE-55C5-7787-DF36B96CC134}.Debug|x86.Build.0 = Debug|Any CPU
		{4DD90D32-CBAE-55C5-7787-DF36B96CC134}.Release|Any CPU.ActiveCfg = Release|Any CPU
		{4DD90D32-CBAE-55C5-7787-DF36B96CC134}.Release|Any CPU.Build.0 = Release|Any CPU
		{4DD90D32-CBAE-55C5-7787-DF36B96CC134}.Release|x64.ActiveCfg = Release|Any CPU
		{4DD90D32-CBAE-55C5-7787-DF36B96CC134}.Release|x64.Build.0 = Release|Any CPU
		{4DD90D32-CBAE-55C5-7787-DF36B96CC134}.Release|x86.ActiveCfg = Release|Any CPU
		{4DD90D32-CBAE-55C5-7787-DF36B96CC134}.Release|x86.Build.0 = Release|Any CPU
		{7C075FD3-390E-466C-AAC1-B8D8B5F74A51}.Debug|Any CPU.ActiveCfg = Debug|x64
		{7C075FD3-390E-466C-AAC1-B8D8B5F74A51}.Debug|Any CPU.Build.0 = Debug|x64
		{7C075FD3-390E-466C-AAC1-B8D8B5F74A51}.Debug|x64.ActiveCfg = Debug|x64
		{7C075FD3-390E-466C-AAC1-B8D8B5F74A51}.Debug|x64.Build.0 = Debug|x64
		{7C075FD3-390E-466C-AAC1-B8D8B5F74A51}.Debug|x86.ActiveCfg = Debug|Win32
		{7C075FD3-390E-466C-AAC1-B8D8B5F74A51}.Debug|x86.Build.0 = Debug|Win32
		{7C075FD3-390E-466C-AAC1-B8D8B5F74A51}.Release|Any CPU.ActiveCfg = Release|x64
		{7C075FD3-390E-466C-AAC1-B8D8B5F74A51}.Release|Any CPU.Build.0 = Release|x64
		{7C075FD3-390E-466C-AAC1-B8D8B5F74A51}.Release|x64.ActiveCfg = Release|x64
		{7C075FD3-390E-466C-AAC1-B8D8B5F74A51}.Release|x64.Build.0 = Release|x64
		{7C075FD3-390E-466C-AAC1-B8D8B5F74A51}.Release|x86.ActiveCfg = Release|Win32
		{7C075FD3-390E-466C-AAC1-B8D8B5F74A51}.Release|x86.Build.0 = Release|Win32
		{B932E477-1D1F-4D76-9968-4EBBD74F0CBA}.Debug|Any CPU.ActiveCfg = Debug|x64
		{B932E477-1D1F-4D76-9968-4EBBD74F0CBA}.Debug|Any CPU.Build.0 = Debug|x64
		{B932E477-1D1F-4D76-9968-4EBBD74F0CBA}.Debug|x64.ActiveCfg = Debug|x64
		{B932E477-1D1F-4D76-9968-4EBBD74F0CBA}.Debug|x64.Build.0 = Debug|x64
		{B932E477-1D1F-4D76-9968-4EBBD74F0CBA}.Debug|x86.ActiveCfg = Debug|Win32
		{B932E477-1D1F-4D76-9968-4EBBD74F0CBA}.Debug|x86.Build.0 = Debug|Win32
		{B932E477-1D1F-4D76-9968-4EBBD74F0CBA}.Release|Any CPU.ActiveCfg = Release|x64
		{B932E477-1D1F-4D76-9968-4EBBD74F0CBA}.Release|Any CPU.Build.0 = Release|x64
		{B932E477-1D1F-4D76-9968-4EBBD74F0CBA}.Release|x64.ActiveCfg = Release|x64
		{B932E477-1D1F-4D76-9968-4EBBD74F0CBA}.Release|x64.Build.0 = Release|x64
		{B932E477-1D1F-4D76-9968-4EBBD74F0CBA}.Release|x86.ActiveCfg = Release|Win32
		{B932E477-1D1F-4D76-9968-4EBBD74F0CBA}.Release|x86.Build.0 = Release|Win32
		{BB7C84A2-C7D2-48D4-BDD1-76E1CA82401D}.Debug|Any CPU.ActiveCfg = Debug|x64
		{BB7C84A2-C7D2-48D4-BDD1-76E1CA82401D}.Debug|Any CPU.Build.0 = Debug|x64
		{BB7C84A2-C7D2-48D4-BDD1-76E1CA82401D}.Debug|x64.ActiveCfg = Debug|x64
		{BB7C84A2-C7D2-48D4-BDD1-76E1CA82401D}.Debug|x64.Build.0 = Debug|x64
		{BB7C84A2-C7D2-48D4-BDD1-76E1CA82401D}.Debug|x86.ActiveCfg = Debug|Win32
		{BB7C84A2-C7D2-48D4-BDD1-76E1CA82401D}.Debug|x86.Build.0 = Debug|Win32
		{BB7C84A2-C7D2-48D4-BDD1-76E1CA82401D}.Release|Any CPU.ActiveCfg = Release|x64
		{BB7C84A2-C7D2-48D4-BDD1-76E1CA82401D}.Release|Any CPU.Build.0 = Release|x64
		{BB7C84A2-C7D2-48D4-BDD1-76E1CA82401D}.Release|x64.ActiveCfg = Release|x64
		{BB7C84A2-C7D2-48D4-BDD1-76E1CA82401D}.Release|x64.Build.0 = Release|x64
		{BB7C84A2-C7D2-48D4-BDD1-76E1CA82401D}.Release|x86.ActiveCfg = Release|Win32
		{BB7C84A2-C7D2-48D4-BDD1-76E1CA82401D}.Release|x86.Build.0 = Release|Win32
		{9AAC43FF-FEB5-40AE-823E-110DCAA77DB5}.Debug|Any CPU.ActiveCfg = Debug|x64
		{9AAC43FF-FEB5-40AE-823E-110DCAA77DB5}.Debug|Any CPU.Build.0 = Debug|x64
		{9AAC43FF-FEB5-40AE-823E-110DCAA77DB5}.Debug|x64.ActiveCfg = Debug|x64
		{9AAC43FF-FEB5-40AE-823E-110DCAA77DB5}.Debug|x64.Build.0 = Debug|x64
		{9AAC43FF-FEB5-40AE-823E-110DCAA77DB5}.Debug|x86.ActiveCfg = Debug|Win32
		{9AAC43FF-FEB5-40AE-823E-110DCAA77DB5}.Debug|x86.Build.0 = Debug|Win32
		{9AAC43FF-FEB5-40AE-823E-110DCAA77DB5}.Release|Any CPU.ActiveCfg = Release|x64
		{9AAC43FF-FEB5-40AE-823E-110DCAA77DB5}.Release|Any CPU.Build.0 = Release|x64
		{9AAC43FF-FEB5-40AE-823E-110DCAA77DB5}.Release|x64.ActiveCfg = Release|x64
		{9AAC43FF-FEB5-40AE-823E-110DCAA77DB5}.Release|x64.Build.0 = Release|x64
		{9AAC43FF-FEB5-40AE-823E-110DCAA77DB5}.Release|x86.ActiveCfg = Release|Win32
		{9AAC43FF-FEB5-40AE-823E-110DCAA77DB5}.Release|x86.Build.0 = Release|Win32
		{51D24FD7-9770-4B61-B0A8-853B340CE6D2}.Debug|Any CPU.ActiveCfg = Debug|x64
		{51D24FD7-9770-4B61-B0A8-853B340CE6D2}.Debug|Any CPU.Build.0 = Debug|x64
		{51D24FD7-9770-4B61-B0A8-853B340CE6D2}.Debug|x64.ActiveCfg = Debug|x64
		{51D24FD7-9770-4B61-B0A8-853B340CE6D2}.Debug|x64.Build.0 = Debug|x64
		{51D24FD7-9770-4B61-B0A8-853B340CE6D2}.Debug|x86.ActiveCfg = Debug|Win32
		{51D24FD7-9770-4B61-B0A8-853B340CE6D2}.Debug|x86.Build.0 = Debug|Win32
		{51D24FD7-9770-4B61-B0A8-853B340CE6D2}.Release|Any CPU.ActiveCfg = Release|x64
		{51D24FD7-9770-4B61-B0A8-853B340CE6D2}.Release|Any CPU.Build.0 = Release|x64
		{51D24FD7-9770-4B61-B0A8-853B340CE6D2}.Release|x64.ActiveCfg = Release|x64
		{51D24FD7-9770-4B61-B0A8-853B340CE6D2}.Release|x64.Build.0 = Release|x64
		{51D24FD7-9770-4B61-B0A8-853B340CE6D2}.Release|x86.ActiveCfg = Release|Win32
		{51D24FD7-9770-4B61-B0A8-853B340CE6D2}.Release|x86.Build.0 = Release|Win32
		{210DF2AC-7700-4EC6-93B5-F5CBEBCFE23F}.Debug|Any CPU.ActiveCfg = Debug|x64
		{210DF2AC-7700-4EC6-93B5-F5CBEBCFE23F}.Debug|x64.ActiveCfg = Debug|x64
		{210DF2AC-7700-4EC6-93B5-F5CBEBCFE23F}.Debug|x64.Build.0 = Debug|x64
		{210DF2AC-7700-4EC6-93B5-F5CBEBCFE23F}.Debug|x86.ActiveCfg = Debug|Win32
		{210DF2AC-7700-4EC6-93B5-F5CBEBCFE23F}.Debug|x86.Build.0 = Debug|Win32
		{210DF2AC-7700-4EC6-93B5-F5CBEBCFE23F}.Release|Any CPU.ActiveCfg = Release|x64
		{210DF2AC-7700-4EC6-93B5-F5CBEBCFE23F}.Release|Any CPU.Build.0 = Release|x64
		{210DF2AC-7700-4EC6-93B5-F5CBEBCFE23F}.Release|x64.ActiveCfg = Release|x64
		{210DF2AC-7700-4EC6-93B5-F5CBEBCFE23F}.Release|x64.Build.0 = Release|x64
		{210DF2AC-7700-4EC6-93B5-F5CBEBCFE23F}.Release|x86.ActiveCfg = Release|Win32
		{210DF2AC-7700-4EC6-93B5-F5CBEBCFE23F}.Release|x86.Build.0 = Release|Win32
	EndGlobalSection
	GlobalSection(SolutionProperties) = preSolution
		HideSolutionNode = FALSE
	EndGlobalSection
	GlobalSection(NestedProjects) = preSolution
		{A1D7D766-5C37-40DF-94D6-A0A708FCA053} = {EB07BF2A-AFFF-4826-9EE9-39ED3A7136E0}
		{EB07BF2A-AFFF-4826-9EE9-39ED3A7136E0} = {02EA681E-C7D8-13C7-8484-4AC65E1B71E8}
		{E5647D67-9C86-47DE-B856-D9A8186570B0} = {EB07BF2A-AFFF-4826-9EE9-39ED3A7136E0}
		{F65B8FA3-E06C-4E64-A3D8-A42D23AE73FC} = {EB07BF2A-AFFF-4826-9EE9-39ED3A7136E0}
		{34BB9BBE-0AFC-466D-85A9-549BE2BDA04D} = {EB07BF2A-AFFF-4826-9EE9-39ED3A7136E0}
		{A674E873-C5DD-49A4-9A18-6D532E89B5F9} = {EB07BF2A-AFFF-4826-9EE9-39ED3A7136E0}
		{FD0FC80A-7EE5-41A7-BB8C-238246CA70EE} = {EB07BF2A-AFFF-4826-9EE9-39ED3A7136E0}
		{C89C5814-3644-4905-B601-0971BD7EE9F5} = {EB07BF2A-AFFF-4826-9EE9-39ED3A7136E0}
		{942284C7-1602-4B39-9265-30775D2AFCE9} = {EB07BF2A-AFFF-4826-9EE9-39ED3A7136E0}
		{59668562-272E-4DD8-A45C-CB3E865A0CB9} = {EB07BF2A-AFFF-4826-9EE9-39ED3A7136E0}
		{65C0D622-BD09-4AB8-8A79-C45DF7C5800A} = {29CA55C2-FAE2-404B-AC9C-2736B290FC94}
		{74A1EBAB-4ABF-922E-4723-4C37D7BC8A75} = {EB07BF2A-AFFF-4826-9EE9-39ED3A7136E0}
		{50E56940-2F42-3B05-83A3-E80799CBB57D} = {EB07BF2A-AFFF-4826-9EE9-39ED3A7136E0}
		{956A1A9F-78DA-2892-08AD-00376720460C} = {EB07BF2A-AFFF-4826-9EE9-39ED3A7136E0}
		{3FD488CE-693F-30E2-B237-1407B6AB5F48} = {EB07BF2A-AFFF-4826-9EE9-39ED3A7136E0}
		{2673A978-7335-40A9-A000-9408543F764E} = {02EA681E-C7D8-13C7-8484-4AC65E1B71E8}
		{7C075FD3-390E-466C-AAC1-B8D8B5F74A51} = {2673A978-7335-40A9-A000-9408543F764E}
		{B932E477-1D1F-4D76-9968-4EBBD74F0CBA} = {2673A978-7335-40A9-A000-9408543F764E}
		{BB7C84A2-C7D2-48D4-BDD1-76E1CA82401D} = {2673A978-7335-40A9-A000-9408543F764E}
		{9AAC43FF-FEB5-40AE-823E-110DCAA77DB5} = {2673A978-7335-40A9-A000-9408543F764E}
		{51D24FD7-9770-4B61-B0A8-853B340CE6D2} = {2673A978-7335-40A9-A000-9408543F764E}
		{210DF2AC-7700-4EC6-93B5-F5CBEBCFE23F} = {2673A978-7335-40A9-A000-9408543F764E}
	EndGlobalSection
	GlobalSection(ExtensibilityGlobals) = postSolution
		SolutionGuid = {83CB65B8-011F-4ED7-BCD3-A6CFA935EF7E}
	EndGlobalSection
EndGlobal
