
Microsoft Visual Studio Solution File, Format Version 12.00
# Visual Studio Version 17
VisualStudioVersion = 17.3.32811.315
MinimumVisualStudioVersion = 10.0.40219.1
Project("{9A19103F-16F7-4668-BE54-9A1E7A4F7556}") = "Melchior", "Melchior\Melchior.csproj", "{EBFA8512-1EA5-4D8C-B4AC-AB5B48A6D568}"
EndProject
Project("{9A19103F-16F7-4668-BE54-9A1E7A4F7556}") = "Melchior.Desktop", "Melchior.Desktop\Melchior.Desktop.csproj", "{ABC31E74-02FF-46EB-B3B2-4E6AE43B456C}"
EndProject
Project("{2150E333-8FDC-42A3-9474-1A3956D46DE8}") = "Solution Items", "Solution Items", "{3DA99C4E-89E3-4049-9C22-0A7EC60D83D8}"
	ProjectSection(SolutionItems) = preProject
		Directory.Packages.props = Directory.Packages.props
	EndProjectSection
EndProject
Project("{2150E333-8FDC-42A3-9474-1A3956D46DE8}") = "pvsneslib", "pvsneslib", "{02EA681E-C7D8-13C7-8484-4AC65E1B71E8}"
EndProject
Project("{8BC9CEB8-8B4A-11D0-8D11-00A0C91BC942}") = "816-opt", "816-opt\816-opt.vcxproj", "{A1D7D766-5C37-40DF-94D6-A0A708FCA053}"
EndProject
Project("{2150E333-8FDC-42A3-9474-1A3956D46DE8}") = "tools", "tools", "{EB07BF2A-AFFF-4826-9EE9-39ED3A7136E0}"
EndProject
Project("{8BC9CEB8-8B4A-11D0-8D11-00A0C91BC942}") = "bin2txt", "bin2txt\bin2txt.vcxproj", "{E5647D67-9C86-47DE-B856-D9A8186570B0}"
EndProject
Project("{8BC9CEB8-8B4A-11D0-8D11-00A0C91BC942}") = "constify", "constify\constify.vcxproj", "{F65B8FA3-E06C-4E64-A3D8-A42D23AE73FC}"
EndProject
Project("{8BC9CEB8-8B4A-11D0-8D11-00A0C91BC942}") = "gfx2snes", "gfx2snes\gfx2snes.vcxproj", "{34BB9BBE-0AFC-466D-85A9-549BE2BDA04D}"
EndProject
Project("{8BC9CEB8-8B4A-11D0-8D11-00A0C91BC942}") = "gfx4snes", "gfx4snes\gfx4snes.vcxproj", "{A674E873-C5DD-49A4-9A18-6D532E89B5F9}"
EndProject
Project("{8BC9CEB8-8B4A-11D0-8D11-00A0C91BC942}") = "smconv", "smconv\smconv.vcxproj", "{FD0FC80A-7EE5-41A7-BB8C-238246CA70EE}"
EndProject
Project("{8BC9CEB8-8B4A-11D0-8D11-00A0C91BC942}") = "snesbrr", "snesbrr\snesbrr.vcxproj", "{C89C5814-3644-4905-B601-0971BD7EE9F5}"
EndProject
Project("{8BC9CEB8-8B4A-11D0-8D11-00A0C91BC942}") = "snestools", "snestools\snestools.vcxproj", "{942284C7-1602-4B39-9265-30775D2AFCE9}"
EndProject
Project("{8BC9CEB8-8B4A-11D0-8D11-00A0C91BC942}") = "tiledpalettequant", "tiledpalettequant\tiledpalettequant.vcxproj", "{BDE70010-CC1D-4526-A618-928BB13A4373}"
EndProject
Project("{8BC9CEB8-8B4A-11D0-8D11-00A0C91BC942}") = "tilesetextractor", "tilesetextractor\tilesetextractor.vcxproj", "{21570E46-BCF3-4F13-B741-32E4BA23E8BB}"
EndProject
Project("{8BC9CEB8-8B4A-11D0-8D11-00A0C91BC942}") = "tmx2snes", "tmx2snes\tmx2snes.vcxproj", "{59668562-272E-4DD8-A45C-CB3E865A0CB9}"
EndProject
Project("{2150E333-8FDC-42A3-9474-1A3956D46DE8}") = "external-lib", "external-lib", "{29CA55C2-FAE2-404B-AC9C-2736B290FC94}"
EndProject
Project("{8BC9CEB8-8B4A-11D0-8D11-00A0C91BC942}") = "libregex", "libregex\libregex.vcxproj", "{65C0D622-BD09-4AB8-8A79-C45DF7C5800A}"
EndProject
Global
	GlobalSection(SolutionConfigurationPlatforms) = preSolution
		Debug|Any CPU = Debug|Any CPU
		Debug|x64 = Debug|x64
		Debug|x86 = Debug|x86
		Release|Any CPU = Release|Any CPU
		Release|x64 = Release|x64
		Release|x86 = Release|x86
	EndGlobalSection
	GlobalSection(ProjectConfigurationPlatforms) = postSolution
		{EBFA8512-1EA5-4D8C-B4AC-AB5B48A6D568}.Debug|Any CPU.ActiveCfg = Debug|Any CPU
		{EBFA8512-1EA5-4D8C-B4AC-AB5B48A6D568}.Debug|Any CPU.Build.0 = Debug|Any CPU
		{EBFA8512-1EA5-4D8C-B4AC-AB5B48A6D568}.Debug|x64.ActiveCfg = Debug|Any CPU
		{EBFA8512-1EA5-4D8C-B4AC-AB5B48A6D568}.Debug|x64.Build.0 = Debug|Any CPU
		{EBFA8512-1EA5-4D8C-B4AC-AB5B48A6D568}.Debug|x86.ActiveCfg = Debug|Any CPU
		{EBFA8512-1EA5-4D8C-B4AC-AB5B48A6D568}.Debug|x86.Build.0 = Debug|Any CPU
		{EBFA8512-1EA5-4D8C-B4AC-AB5B48A6D568}.Release|Any CPU.ActiveCfg = Release|Any CPU
		{EBFA8512-1EA5-4D8C-B4AC-AB5B48A6D568}.Release|Any CPU.Build.0 = Release|Any CPU
		{EBFA8512-1EA5-4D8C-B4AC-AB5B48A6D568}.Release|x64.ActiveCfg = Release|Any CPU
		{EBFA8512-1EA5-4D8C-B4AC-AB5B48A6D568}.Release|x64.Build.0 = Release|Any CPU
		{EBFA8512-1EA5-4D8C-B4AC-AB5B48A6D568}.Release|x86.ActiveCfg = Release|Any CPU
		{EBFA8512-1EA5-4D8C-B4AC-AB5B48A6D568}.Release|x86.Build.0 = Release|Any CPU
		{ABC31E74-02FF-46EB-B3B2-4E6AE43B456C}.Debug|Any CPU.ActiveCfg = Debug|Any CPU
		{ABC31E74-02FF-46EB-B3B2-4E6AE43B456C}.Debug|Any CPU.Build.0 = Debug|Any CPU
		{ABC31E74-02FF-46EB-B3B2-4E6AE43B456C}.Debug|x64.ActiveCfg = Debug|Any CPU
		{ABC31E74-02FF-46EB-B3B2-4E6AE43B456C}.Debug|x64.Build.0 = Debug|Any CPU
		{ABC31E74-02FF-46EB-B3B2-4E6AE43B456C}.Debug|x86.ActiveCfg = Debug|Any CPU
		{ABC31E74-02FF-46EB-B3B2-4E6AE43B456C}.Debug|x86.Build.0 = Debug|Any CPU
		{ABC31E74-02FF-46EB-B3B2-4E6AE43B456C}.Release|Any CPU.ActiveCfg = Release|Any CPU
		{ABC31E74-02FF-46EB-B3B2-4E6AE43B456C}.Release|Any CPU.Build.0 = Release|Any CPU
		{ABC31E74-02FF-46EB-B3B2-4E6AE43B456C}.Release|x64.ActiveCfg = Release|Any CPU
		{ABC31E74-02FF-46EB-B3B2-4E6AE43B456C}.Release|x64.Build.0 = Release|Any CPU
		{ABC31E74-02FF-46EB-B3B2-4E6AE43B456C}.Release|x86.ActiveCfg = Release|Any CPU
		{ABC31E74-02FF-46EB-B3B2-4E6AE43B456C}.Release|x86.Build.0 = Release|Any CPU
		{A1D7D766-5C37-40DF-94D6-A0A708FCA053}.Debug|Any CPU.ActiveCfg = Debug|x64
		{A1D7D766-5C37-40DF-94D6-A0A708FCA053}.Debug|Any CPU.Build.0 = Debug|x64
		{A1D7D766-5C37-40DF-94D6-A0A708FCA053}.Debug|x64.ActiveCfg = Debug|x64
		{A1D7D766-5C37-40DF-94D6-A0A708FCA053}.Debug|x64.Build.0 = Debug|x64
		{A1D7D766-5C37-40DF-94D6-A0A708FCA053}.Debug|x86.ActiveCfg = Debug|Win32
		{A1D7D766-5C37-40DF-94D6-A0A708FCA053}.Debug|x86.Build.0 = Debug|Win32
		{A1D7D766-5C37-40DF-94D6-A0A708FCA053}.Release|Any CPU.ActiveCfg = Release|x64
		{A1D7D766-5C37-40DF-94D6-A0A708FCA053}.Release|Any CPU.Build.0 = Release|x64
		{A1D7D766-5C37-40DF-94D6-A0A708FCA053}.Release|x64.ActiveCfg = Release|x64
		{A1D7D766-5C37-40DF-94D6-A0A708FCA053}.Release|x64.Build.0 = Release|x64
		{A1D7D766-5C37-40DF-94D6-A0A708FCA053}.Release|x86.ActiveCfg = Release|Win32
		{A1D7D766-5C37-40DF-94D6-A0A708FCA053}.Release|x86.Build.0 = Release|Win32
		{E5647D67-9C86-47DE-B856-D9A8186570B0}.Debug|Any CPU.ActiveCfg = Debug|x64
		{E5647D67-9C86-47DE-B856-D9A8186570B0}.Debug|Any CPU.Build.0 = Debug|x64
		{E5647D67-9C86-47DE-B856-D9A8186570B0}.Debug|x64.ActiveCfg = Debug|x64
		{E5647D67-9C86-47DE-B856-D9A8186570B0}.Debug|x64.Build.0 = Debug|x64
		{E5647D67-9C86-47DE-B856-D9A8186570B0}.Debug|x86.ActiveCfg = Debug|Win32
		{E5647D67-9C86-47DE-B856-D9A8186570B0}.Debug|x86.Build.0 = Debug|Win32
		{E5647D67-9C86-47DE-B856-D9A8186570B0}.Release|Any CPU.ActiveCfg = Release|x64
		{E5647D67-9C86-47DE-B856-D9A8186570B0}.Release|Any CPU.Build.0 = Release|x64
		{E5647D67-9C86-47DE-B856-D9A8186570B0}.Release|x64.ActiveCfg = Release|x64
		{E5647D67-9C86-47DE-B856-D9A8186570B0}.Release|x64.Build.0 = Release|x64
		{E5647D67-9C86-47DE-B856-D9A8186570B0}.Release|x86.ActiveCfg = Release|Win32
		{E5647D67-9C86-47DE-B856-D9A8186570B0}.Release|x86.Build.0 = Release|Win32
		{F65B8FA3-E06C-4E64-A3D8-A42D23AE73FC}.Debug|Any CPU.ActiveCfg = Debug|x64
		{F65B8FA3-E06C-4E64-A3D8-A42D23AE73FC}.Debug|Any CPU.Build.0 = Debug|x64
		{F65B8FA3-E06C-4E64-A3D8-A42D23AE73FC}.Debug|x64.ActiveCfg = Debug|x64
		{F65B8FA3-E06C-4E64-A3D8-A42D23AE73FC}.Debug|x64.Build.0 = Debug|x64
		{F65B8FA3-E06C-4E64-A3D8-A42D23AE73FC}.Debug|x86.ActiveCfg = Debug|Win32
		{F65B8FA3-E06C-4E64-A3D8-A42D23AE73FC}.Debug|x86.Build.0 = Debug|Win32
		{F65B8FA3-E06C-4E64-A3D8-A42D23AE73FC}.Release|Any CPU.ActiveCfg = Release|x64
		{F65B8FA3-E06C-4E64-A3D8-A42D23AE73FC}.Release|Any CPU.Build.0 = Release|x64
		{F65B8FA3-E06C-4E64-A3D8-A42D23AE73FC}.Release|x64.ActiveCfg = Release|x64
		{F65B8FA3-E06C-4E64-A3D8-A42D23AE73FC}.Release|x64.Build.0 = Release|x64
		{F65B8FA3-E06C-4E64-A3D8-A42D23AE73FC}.Release|x86.ActiveCfg = Release|Win32
		{F65B8FA3-E06C-4E64-A3D8-A42D23AE73FC}.Release|x86.Build.0 = Release|Win32
		{34BB9BBE-0AFC-466D-85A9-549BE2BDA04D}.Debug|Any CPU.ActiveCfg = Debug|x64
		{34BB9BBE-0AFC-466D-85A9-549BE2BDA04D}.Debug|Any CPU.Build.0 = Debug|x64
		{34BB9BBE-0AFC-466D-85A9-549BE2BDA04D}.Debug|x64.ActiveCfg = Debug|x64
		{34BB9BBE-0AFC-466D-85A9-549BE2BDA04D}.Debug|x64.Build.0 = Debug|x64
		{34BB9BBE-0AFC-466D-85A9-549BE2BDA04D}.Debug|x86.ActiveCfg = Debug|Win32
		{34BB9BBE-0AFC-466D-85A9-549BE2BDA04D}.Debug|x86.Build.0 = Debug|Win32
		{34BB9BBE-0AFC-466D-85A9-549BE2BDA04D}.Release|Any CPU.ActiveCfg = Release|x64
		{34BB9BBE-0AFC-466D-85A9-549BE2BDA04D}.Release|Any CPU.Build.0 = Release|x64
		{34BB9BBE-0AFC-466D-85A9-549BE2BDA04D}.Release|x64.ActiveCfg = Release|x64
		{34BB9BBE-0AFC-466D-85A9-549BE2BDA04D}.Release|x64.Build.0 = Release|x64
		{34BB9BBE-0AFC-466D-85A9-549BE2BDA04D}.Release|x86.ActiveCfg = Release|Win32
		{34BB9BBE-0AFC-466D-85A9-549BE2BDA04D}.Release|x86.Build.0 = Release|Win32
		{A674E873-C5DD-49A4-9A18-6D532E89B5F9}.Debug|Any CPU.ActiveCfg = Debug|x64
		{A674E873-C5DD-49A4-9A18-6D532E89B5F9}.Debug|Any CPU.Build.0 = Debug|x64
		{A674E873-C5DD-49A4-9A18-6D532E89B5F9}.Debug|x64.ActiveCfg = Debug|x64
		{A674E873-C5DD-49A4-9A18-6D532E89B5F9}.Debug|x64.Build.0 = Debug|x64
		{A674E873-C5DD-49A4-9A18-6D532E89B5F9}.Debug|x86.ActiveCfg = Debug|Win32
		{A674E873-C5DD-49A4-9A18-6D532E89B5F9}.Debug|x86.Build.0 = Debug|Win32
		{A674E873-C5DD-49A4-9A18-6D532E89B5F9}.Release|Any CPU.ActiveCfg = Release|x64
		{A674E873-C5DD-49A4-9A18-6D532E89B5F9}.Release|Any CPU.Build.0 = Release|x64
		{A674E873-C5DD-49A4-9A18-6D532E89B5F9}.Release|x64.ActiveCfg = Release|x64
		{A674E873-C5DD-49A4-9A18-6D532E89B5F9}.Release|x64.Build.0 = Release|x64
		{A674E873-C5DD-49A4-9A18-6D532E89B5F9}.Release|x86.ActiveCfg = Release|Win32
		{A674E873-C5DD-49A4-9A18-6D532E89B5F9}.Release|x86.Build.0 = Release|Win32
		{FD0FC80A-7EE5-41A7-BB8C-238246CA70EE}.Debug|Any CPU.ActiveCfg = Debug|x64
		{FD0FC80A-7EE5-41A7-BB8C-238246CA70EE}.Debug|Any CPU.Build.0 = Debug|x64
		{FD0FC80A-7EE5-41A7-BB8C-238246CA70EE}.Debug|x64.ActiveCfg = Debug|x64
		{FD0FC80A-7EE5-41A7-BB8C-238246CA70EE}.Debug|x64.Build.0 = Debug|x64
		{FD0FC80A-7EE5-41A7-BB8C-238246CA70EE}.Debug|x86.ActiveCfg = Debug|Win32
		{FD0FC80A-7EE5-41A7-BB8C-238246CA70EE}.Debug|x86.Build.0 = Debug|Win32
		{FD0FC80A-7EE5-41A7-BB8C-238246CA70EE}.Release|Any CPU.ActiveCfg = Release|x64
		{FD0FC80A-7EE5-41A7-BB8C-238246CA70EE}.Release|Any CPU.Build.0 = Release|x64
		{FD0FC80A-7EE5-41A7-BB8C-238246CA70EE}.Release|x64.ActiveCfg = Release|x64
		{FD0FC80A-7EE5-41A7-BB8C-238246CA70EE}.Release|x64.Build.0 = Release|x64
		{FD0FC80A-7EE5-41A7-BB8C-238246CA70EE}.Release|x86.ActiveCfg = Release|Win32
		{FD0FC80A-7EE5-41A7-BB8C-238246CA70EE}.Release|x86.Build.0 = Release|Win32
		{C89C5814-3644-4905-B601-0971BD7EE9F5}.Debug|Any CPU.ActiveCfg = Debug|x64
		{C89C5814-3644-4905-B601-0971BD7EE9F5}.Debug|Any CPU.Build.0 = Debug|x64
		{C89C5814-3644-4905-B601-0971BD7EE9F5}.Debug|x64.ActiveCfg = Debug|x64
		{C89C5814-3644-4905-B601-0971BD7EE9F5}.Debug|x64.Build.0 = Debug|x64
		{C89C5814-3644-4905-B601-0971BD7EE9F5}.Debug|x86.ActiveCfg = Debug|Win32
		{C89C5814-3644-4905-B601-0971BD7EE9F5}.Debug|x86.Build.0 = Debug|Win32
		{C89C5814-3644-4905-B601-0971BD7EE9F5}.Release|Any CPU.ActiveCfg = Release|x64
		{C89C5814-3644-4905-B601-0971BD7EE9F5}.Release|Any CPU.Build.0 = Release|x64
		{C89C5814-3644-4905-B601-0971BD7EE9F5}.Release|x64.ActiveCfg = Release|x64
		{C89C5814-3644-4905-B601-0971BD7EE9F5}.Release|x64.Build.0 = Release|x64
		{C89C5814-3644-4905-B601-0971BD7EE9F5}.Release|x86.ActiveCfg = Release|Win32
		{C89C5814-3644-4905-B601-0971BD7EE9F5}.Release|x86.Build.0 = Release|Win32
		{942284C7-1602-4B39-9265-30775D2AFCE9}.Debug|Any CPU.ActiveCfg = Debug|x64
		{942284C7-1602-4B39-9265-30775D2AFCE9}.Debug|Any CPU.Build.0 = Debug|x64
		{942284C7-1602-4B39-9265-30775D2AFCE9}.Debug|x64.ActiveCfg = Debug|x64
		{942284C7-1602-4B39-9265-30775D2AFCE9}.Debug|x64.Build.0 = Debug|x64
		{942284C7-1602-4B39-9265-30775D2AFCE9}.Debug|x86.ActiveCfg = Debug|Win32
		{942284C7-1602-4B39-9265-30775D2AFCE9}.Debug|x86.Build.0 = Debug|Win32
		{942284C7-1602-4B39-9265-30775D2AFCE9}.Release|Any CPU.ActiveCfg = Release|x64
		{942284C7-1602-4B39-9265-30775D2AFCE9}.Release|Any CPU.Build.0 = Release|x64
		{942284C7-1602-4B39-9265-30775D2AFCE9}.Release|x64.ActiveCfg = Release|x64
		{942284C7-1602-4B39-9265-30775D2AFCE9}.Release|x64.Build.0 = Release|x64
		{942284C7-1602-4B39-9265-30775D2AFCE9}.Release|x86.ActiveCfg = Release|Win32
		{942284C7-1602-4B39-9265-30775D2AFCE9}.Release|x86.Build.0 = Release|Win32
		{BDE70010-CC1D-4526-A618-928BB13A4373}.Debug|Any CPU.ActiveCfg = Debug|x64
		{BDE70010-CC1D-4526-A618-928BB13A4373}.Debug|Any CPU.Build.0 = Debug|x64
		{BDE70010-CC1D-4526-A618-928BB13A4373}.Debug|x64.ActiveCfg = Debug|x64
		{BDE70010-CC1D-4526-A618-928BB13A4373}.Debug|x64.Build.0 = Debug|x64
		{BDE70010-CC1D-4526-A618-928BB13A4373}.Debug|x86.ActiveCfg = Debug|Win32
		{BDE70010-CC1D-4526-A618-928BB13A4373}.Debug|x86.Build.0 = Debug|Win32
		{BDE70010-CC1D-4526-A618-928BB13A4373}.Release|Any CPU.ActiveCfg = Release|x64
		{BDE70010-CC1D-4526-A618-928BB13A4373}.Release|Any CPU.Build.0 = Release|x64
		{BDE70010-CC1D-4526-A618-928BB13A4373}.Release|x64.ActiveCfg = Release|x64
		{BDE70010-CC1D-4526-A618-928BB13A4373}.Release|x64.Build.0 = Release|x64
		{BDE70010-CC1D-4526-A618-928BB13A4373}.Release|x86.ActiveCfg = Release|Win32
		{BDE70010-CC1D-4526-A618-928BB13A4373}.Release|x86.Build.0 = Release|Win32
		{21570E46-BCF3-4F13-B741-32E4BA23E8BB}.Debug|Any CPU.ActiveCfg = Debug|x64
		{21570E46-BCF3-4F13-B741-32E4BA23E8BB}.Debug|Any CPU.Build.0 = Debug|x64
		{21570E46-BCF3-4F13-B741-32E4BA23E8BB}.Debug|x64.ActiveCfg = Debug|x64
		{21570E46-BCF3-4F13-B741-32E4BA23E8BB}.Debug|x64.Build.0 = Debug|x64
		{21570E46-BCF3-4F13-B741-32E4BA23E8BB}.Debug|x86.ActiveCfg = Debug|Win32
		{21570E46-BCF3-4F13-B741-32E4BA23E8BB}.Debug|x86.Build.0 = Debug|Win32
		{21570E46-BCF3-4F13-B741-32E4BA23E8BB}.Release|Any CPU.ActiveCfg = Release|x64
		{21570E46-BCF3-4F13-B741-32E4BA23E8BB}.Release|Any CPU.Build.0 = Release|x64
		{21570E46-BCF3-4F13-B741-32E4BA23E8BB}.Release|x64.ActiveCfg = Release|x64
		{21570E46-BCF3-4F13-B741-32E4BA23E8BB}.Release|x64.Build.0 = Release|x64
		{21570E46-BCF3-4F13-B741-32E4BA23E8BB}.Release|x86.ActiveCfg = Release|Win32
		{21570E46-BCF3-4F13-B741-32E4BA23E8BB}.Release|x86.Build.0 = Release|Win32
		{59668562-272E-4DD8-A45C-CB3E865A0CB9}.Debug|Any CPU.ActiveCfg = Debug|x64
		{59668562-272E-4DD8-A45C-CB3E865A0CB9}.Debug|Any CPU.Build.0 = Debug|x64
		{59668562-272E-4DD8-A45C-CB3E865A0CB9}.Debug|x64.ActiveCfg = Debug|x64
		{59668562-272E-4DD8-A45C-CB3E865A0CB9}.Debug|x64.Build.0 = Debug|x64
		{59668562-272E-4DD8-A45C-CB3E865A0CB9}.Debug|x86.ActiveCfg = Debug|Win32
		{59668562-272E-4DD8-A45C-CB3E865A0CB9}.Debug|x86.Build.0 = Debug|Win32
		{59668562-272E-4DD8-A45C-CB3E865A0CB9}.Release|Any CPU.ActiveCfg = Release|x64
		{59668562-272E-4DD8-A45C-CB3E865A0CB9}.Release|Any CPU.Build.0 = Release|x64
		{59668562-272E-4DD8-A45C-CB3E865A0CB9}.Release|x64.ActiveCfg = Release|x64
		{59668562-272E-4DD8-A45C-CB3E865A0CB9}.Release|x64.Build.0 = Release|x64
		{59668562-272E-4DD8-A45C-CB3E865A0CB9}.Release|x86.ActiveCfg = Release|Win32
		{59668562-272E-4DD8-A45C-CB3E865A0CB9}.Release|x86.Build.0 = Release|Win32
		{65C0D622-BD09-4AB8-8A79-C45DF7C5800A}.Debug|Any CPU.ActiveCfg = Debug|x64
		{65C0D622-BD09-4AB8-8A79-C45DF7C5800A}.Debug|Any CPU.Build.0 = Debug|x64
		{65C0D622-BD09-4AB8-8A79-C45DF7C5800A}.Debug|x64.ActiveCfg = Debug|x64
		{65C0D622-BD09-4AB8-8A79-C45DF7C5800A}.Debug|x64.Build.0 = Debug|x64
		{65C0D622-BD09-4AB8-8A79-C45DF7C5800A}.Debug|x86.ActiveCfg = Debug|Win32
		{65C0D622-BD09-4AB8-8A79-C45DF7C5800A}.Debug|x86.Build.0 = Debug|Win32
		{65C0D622-BD09-4AB8-8A79-C45DF7C5800A}.Release|Any CPU.ActiveCfg = Release|x64
		{65C0D622-BD09-4AB8-8A79-C45DF7C5800A}.Release|Any CPU.Build.0 = Release|x64
		{65C0D622-BD09-4AB8-8A79-C45DF7C5800A}.Release|x64.ActiveCfg = Release|x64
		{65C0D622-BD09-4AB8-8A79-C45DF7C5800A}.Release|x64.Build.0 = Release|x64
		{65C0D622-BD09-4AB8-8A79-C45DF7C5800A}.Release|x86.ActiveCfg = Release|Win32
		{65C0D622-BD09-4AB8-8A79-C45DF7C5800A}.Release|x86.Build.0 = Release|Win32
	EndGlobalSection
	GlobalSection(SolutionProperties) = preSolution
		HideSolutionNode = FALSE
	EndGlobalSection
	GlobalSection(NestedProjects) = preSolution
		{A1D7D766-5C37-40DF-94D6-A0A708FCA053} = {EB07BF2A-AFFF-4826-9EE9-39ED3A7136E0}
		{EB07BF2A-AFFF-4826-9EE9-39ED3A7136E0} = {02EA681E-C7D8-13C7-8484-4AC65E1B71E8}
		{E5647D67-9C86-47DE-B856-D9A8186570B0} = {EB07BF2A-AFFF-4826-9EE9-39ED3A7136E0}
		{F65B8FA3-E06C-4E64-A3D8-A42D23AE73FC} = {EB07BF2A-AFFF-4826-9EE9-39ED3A7136E0}
		{34BB9BBE-0AFC-466D-85A9-549BE2BDA04D} = {EB07BF2A-AFFF-4826-9EE9-39ED3A7136E0}
		{A674E873-C5DD-49A4-9A18-6D532E89B5F9} = {EB07BF2A-AFFF-4826-9EE9-39ED3A7136E0}
		{FD0FC80A-7EE5-41A7-BB8C-238246CA70EE} = {EB07BF2A-AFFF-4826-9EE9-39ED3A7136E0}
		{C89C5814-3644-4905-B601-0971BD7EE9F5} = {EB07BF2A-AFFF-4826-9EE9-39ED3A7136E0}
		{942284C7-1602-4B39-9265-30775D2AFCE9} = {EB07BF2A-AFFF-4826-9EE9-39ED3A7136E0}
		{BDE70010-CC1D-4526-A618-928BB13A4373} = {EB07BF2A-AFFF-4826-9EE9-39ED3A7136E0}
		{21570E46-BCF3-4F13-B741-32E4BA23E8BB} = {EB07BF2A-AFFF-4826-9EE9-39ED3A7136E0}
		{59668562-272E-4DD8-A45C-CB3E865A0CB9} = {EB07BF2A-AFFF-4826-9EE9-39ED3A7136E0}
		{65C0D622-BD09-4AB8-8A79-C45DF7C5800A} = {29CA55C2-FAE2-404B-AC9C-2736B290FC94}
	EndGlobalSection
	GlobalSection(ExtensibilityGlobals) = postSolution
		SolutionGuid = {83CB65B8-011F-4ED7-BCD3-A6CFA935EF7E}
	EndGlobalSection
EndGlobal
